<?xml version="1.0" encoding="utf-8"?>
<Project ToolsVersion="4.0" xmlns="http://schemas.microsoft.com/developer/msbuild/2003">
  <ItemGroup>
    <ClCompile Include="D3DDevice.cpp">
      <Filter>Source Files</Filter>
    </ClCompile>
    <ClCompile Include="D3DDirect.cpp">
      <Filter>Source Files</Filter>
    </ClCompile>
    <ClCompile Include="D3DFont.cpp">
      <Filter>Source Files</Filter>
    </ClCompile>
    <ClCompile Include="D3DSound.cpp">
      <Filter>Source Files</Filter>
    </ClCompile>
    <ClCompile Include="D3DSprite.cpp">
      <Filter>Source Files</Filter>
    </ClCompile>
    <ClCompile Include="D3DTexture.cpp">
      <Filter>Source Files</Filter>
    </ClCompile>
    <ClCompile Include="GameEngine.cpp">
      <Filter>Source Files</Filter>
    </ClCompile>
    <ClCompile Include="dllmain.cpp">
      <Filter>Source Files</Filter>
    </ClCompile>
    <ClCompile Include="GameFrameView.cpp">
      <Filter>Source Files</Filter>
    </ClCompile>
    <ClCompile Include="LapseCount.cpp">
      <Filter>Source Files</Filter>
    </ClCompile>
    <ClCompile Include="stdafx.cpp">
      <Filter>Source Files</Filter>
    </ClCompile>
    <ClCompile Include="TextureManager.cpp">
      <Filter>Source Files</Filter>
    </ClCompile>
    <ClCompile Include="TraceDebug.cpp">
      <Filter>Source Files</Filter>
    </ClCompile>
    <ClCompile Include="VirtualButton.cpp">
      <Filter>Source Files</Filter>
    </ClCompile>
    <ClCompile Include="TraceDialog.cpp">
      <Filter>Source Files</Filter>
    </ClCompile>
    <ClCompile Include="VirtualEngine.cpp">
      <Filter>Source Files</Filter>
    </ClCompile>
    <ClCompile Include="VirtualSlider.cpp">
      <Filter>Source Files</Filter>
    </ClCompile>
    <ClCompile Include="VirtualWindow.cpp">
      <Filter>Source Files</Filter>
    </ClCompile>
  </ItemGroup>
  <ItemGroup>
    <ClInclude Include="D3DDevice.h">
      <Filter>Header Files</Filter>
    </ClInclude>
    <ClInclude Include="D3DDirect.h">
      <Filter>Header Files</Filter>
    </ClInclude>
    <ClInclude Include="D3DFont.h">
      <Filter>Header Files</Filter>
    </ClInclude>
    <ClInclude Include="D3DSound.h">
      <Filter>Header Files</Filter>
    </ClInclude>
    <ClInclude Include="D3DSprite.h">
      <Filter>Header Files</Filter>
    </ClInclude>
    <ClInclude Include="D3DTexture.h">
      <Filter>Header Files</Filter>
    </ClInclude>
    <ClInclude Include="GameEngineHead.h">
      <Filter>Header Files</Filter>
    </ClInclude>
    <ClInclude Include="GameFrameView.h">
      <Filter>Header Files</Filter>
    </ClInclude>
    <ClInclude Include="LapseCount.h">
      <Filter>Header Files</Filter>
    </ClInclude>
    <ClInclude Include="MsgEvent.h">
      <Filter>Header Files</Filter>
    </ClInclude>
    <ClInclude Include="Resource.h">
      <Filter>Header Files</Filter>
    </ClInclude>
    <ClInclude Include="stdafx.h">
      <Filter>Header Files</Filter>
    </ClInclude>
    <ClInclude Include="targetver.h">
      <Filter>Header Files</Filter>
    </ClInclude>
    <ClInclude Include="TextureManager.h">
      <Filter>Header Files</Filter>
    </ClInclude>
    <ClInclude Include="TraceDebug.h">
      <Filter>Header Files</Filter>
    </ClInclude>
    <ClInclude Include="TraceDialog.h">
      <Filter>Header Files</Filter>
    </ClInclude>
    <ClInclude Include="VirtualButton.h">
      <Filter>Header Files</Filter>
    </ClInclude>
    <ClInclude Include="VirtualSlider.h">
      <Filter>Header Files</Filter>
    </ClInclude>
    <ClInclude Include="VirtualEngine.h">
      <Filter>Header Files</Filter>
    </ClInclude>
    <ClInclude Include="VirtualWindow.h">
      <Filter>Header Files</Filter>
    </ClInclude>
  </ItemGroup>
  <ItemGroup>
    <None Include="ReadMe.txt">
      <Filter>Header Files</Filter>
    </None>
    <None Include="res\GameEngine.rc2">
      <Filter>Resource Files</Filter>
    </None>
    <None Include="GameEngine.def">
      <Filter>Resource Files</Filter>
    </None>
  </ItemGroup>
  <ItemGroup>
    <Filter Include="Header Files">
      <UniqueIdentifier>{64aaf658-1cde-45b7-af0a-110338390028}</UniqueIdentifier>
    </Filter>
    <Filter Include="Resource Files">
      <UniqueIdentifier>{6ca4342c-38ff-4492-aea4-3367be7c1084}</UniqueIdentifier>
    </Filter>
    <Filter Include="Source Files">
      <UniqueIdentifier>{d616b00e-bc0c-4fe1-b6de-adf14a2211a7}</UniqueIdentifier>
    </Filter>
  </ItemGroup>
  <ItemGroup>
    <ResourceCompile Include="GameEngine.rc">
      <Filter>Resource Files</Filter>
    </ResourceCompile>
  </ItemGroup>
</Project>